
Microsoft Visual Studio Solution File, Format Version 12.00
# Visual Studio Version 16
VisualStudioVersion = 16.0.29215.179
MinimumVisualStudioVersion = 10.0.40219.1
Project("{2150E333-8FDC-42A3-9474-1A3956D46DE8}") = "DEMOS", "DEMOS", "{75A6D539-8458-45DF-BE47-1376FB54C16E}"
EndProject
Project("{2150E333-8FDC-42A3-9474-1A3956D46DE8}") = "Assignments", "Assignments", "{EE0E027C-366F-4685-94D5-0EA5F6870B1B}"
EndProject
Project("{2150E333-8FDC-42A3-9474-1A3956D46DE8}") = "Other", "Other", "{A586CAA1-C864-488E-8301-D374FFD607C9}"
EndProject
Project("{8BC9CEB8-8B4A-11D0-8D11-00A0C91BC942}") = "D_GLFW_Application", "D_GLFW_Application\D_GLFW_Application.vcxproj", "{837A57D3-2A9F-4985-B2EA-E18558EEAA43}"
EndProject
Project("{8BC9CEB8-8B4A-11D0-8D11-00A0C91BC942}") = "D_GLFW_Demo", "D_GLFW_Demo\D_GLFW_Demo.vcxproj", "{49647803-64C5-4742-BCB2-C8DC671B25EF}"
EndProject
Project("{8BC9CEB8-8B4A-11D0-8D11-00A0C91BC942}") = "D_SDL_Application", "D_SDL_Application\D_SDL_Application.vcxproj", "{0CAD91E6-F886-4615-870F-EE1B186614DC}"
EndProject
Project("{8BC9CEB8-8B4A-11D0-8D11-00A0C91BC942}") = "D_SDL_Demo", "D_SDL_Demo\D_SDL_Demo.vcxproj", "{654799F4-5396-4466-84E9-2BFD26B5BE8A}"
EndProject
Project("{8BC9CEB8-8B4A-11D0-8D11-00A0C91BC942}") = "D_SFML_Application", "D_SFML_Application\D_SFML_Application.vcxproj", "{949C0D34-7F48-404C-985B-3795E00D7EE7}"
EndProject
Project("{8BC9CEB8-8B4A-11D0-8D11-00A0C91BC942}") = "D_SFML_Demo", "D_SFML_Demo\D_SFML_Demo.vcxproj", "{AE6E05E4-DC5F-4A08-9D77-93D4490DFFFF}"
EndProject
Project("{2150E333-8FDC-42A3-9474-1A3956D46DE8}") = "Framework", "Framework", "{A8C5934B-38F4-49D4-A0E2-9A8F3F2945D3}"
EndProject
Project("{8BC9CEB8-8B4A-11D0-8D11-00A0C91BC942}") = "BasicX", "BasicX\BasicX.vcxproj", "{E745E25C-0143-42AC-A486-1395A4C972AE}"
EndProject
Project("{8BC9CEB8-8B4A-11D0-8D11-00A0C91BC942}") = "VariableApplication", "VariableApplication\VariableApplication.vcxproj", "{34D8E51C-8BFB-4316-8048-234C3FD966D1}"
	ProjectSection(ProjectDependencies) = postProject
		{E745E25C-0143-42AC-A486-1395A4C972AE} = {E745E25C-0143-42AC-A486-1395A4C972AE}
	EndProjectSection
EndProject
Project("{8BC9CEB8-8B4A-11D0-8D11-00A0C91BC942}") = "A02 - 3D Primitives", "A02 - 3D Primitives\A02 - 3D Primitives.vcxproj", "{7EDBEED8-75ED-48EE-9F13-5D4A895E8F1B}"
EndProject
Project("{8BC9CEB8-8B4A-11D0-8D11-00A0C91BC942}") = "01_Playgroud", "01_Playgroud\01_Playgroud.vcxproj", "{BE52867A-92EA-479A-9F73-1E96168F9A7B}"
EndProject
Project("{8BC9CEB8-8B4A-11D0-8D11-00A0C91BC942}") = "00_Sandbox", "00_Sandbox\00_Sandbox.vcxproj", "{BB29A203-127B-46E9-A5B3-925715D5AA34}"
EndProject
Project("{8BC9CEB8-8B4A-11D0-8D11-00A0C91BC942}") = "A02.5 - LERP", "A02.5 - LERP\A02.5 - LERP.vcxproj", "{63E8C63D-1CCD-43F2-9E0F-1510677DE856}"
EndProject
Project("{8BC9CEB8-8B4A-11D0-8D11-00A0C91BC942}") = "A03 - Camera", "A03 - Camera\A03 - Camera.vcxproj", "{08A11DA8-4582-4AE0-90FE-929F44487E65}"
EndProject
Project("{8BC9CEB8-8B4A-11D0-8D11-00A0C91BC942}") = "A04 - SAT", "A04 - SAT\A04 - SAT.vcxproj", "{413BF597-600A-43A8-8A82-CB60E2DCDD95}"
EndProject
Project("{8BC9CEB8-8B4A-11D0-8D11-00A0C91BC942}") = "A05 - Octree", "A05 - Octree\A05 - Octree.vcxproj", "{44D2C07B-798D-461B-9019-DFB240593888}"
EndProject
Project("{2150E333-8FDC-42A3-9474-1A3956D46DE8}") = "NoCredit", "NoCredit", "{D5DAFB74-E258-400F-9C89-B30FBD88CFA9}"
EndProject
Project("{8BC9CEB8-8B4A-11D0-8D11-00A0C91BC942}") = "FinalProject", "FinalProject\FinalProject.vcxproj", "{5C837DDC-3E93-482F-A9D2-087470F75BA5}"
EndProject
Global
	GlobalSection(SolutionConfigurationPlatforms) = preSolution
		Debug|x86 = Debug|x86
		Release|x86 = Release|x86
	EndGlobalSection
	GlobalSection(ProjectConfigurationPlatforms) = postSolution
		{837A57D3-2A9F-4985-B2EA-E18558EEAA43}.Debug|x86.ActiveCfg = Debug|Win32
		{837A57D3-2A9F-4985-B2EA-E18558EEAA43}.Debug|x86.Build.0 = Debug|Win32
		{837A57D3-2A9F-4985-B2EA-E18558EEAA43}.Release|x86.ActiveCfg = Release|Win32
		{837A57D3-2A9F-4985-B2EA-E18558EEAA43}.Release|x86.Build.0 = Release|Win32
		{49647803-64C5-4742-BCB2-C8DC671B25EF}.Debug|x86.ActiveCfg = Debug|Win32
		{49647803-64C5-4742-BCB2-C8DC671B25EF}.Debug|x86.Build.0 = Debug|Win32
		{49647803-64C5-4742-BCB2-C8DC671B25EF}.Release|x86.ActiveCfg = Release|Win32
		{49647803-64C5-4742-BCB2-C8DC671B25EF}.Release|x86.Build.0 = Release|Win32
		{0CAD91E6-F886-4615-870F-EE1B186614DC}.Debug|x86.ActiveCfg = Debug|Win32
		{0CAD91E6-F886-4615-870F-EE1B186614DC}.Debug|x86.Build.0 = Debug|Win32
		{0CAD91E6-F886-4615-870F-EE1B186614DC}.Release|x86.ActiveCfg = Release|Win32
		{0CAD91E6-F886-4615-870F-EE1B186614DC}.Release|x86.Build.0 = Release|Win32
		{654799F4-5396-4466-84E9-2BFD26B5BE8A}.Debug|x86.ActiveCfg = Debug|Win32
		{654799F4-5396-4466-84E9-2BFD26B5BE8A}.Debug|x86.Build.0 = Debug|Win32
		{654799F4-5396-4466-84E9-2BFD26B5BE8A}.Release|x86.ActiveCfg = Release|Win32
		{654799F4-5396-4466-84E9-2BFD26B5BE8A}.Release|x86.Build.0 = Release|Win32
		{949C0D34-7F48-404C-985B-3795E00D7EE7}.Debug|x86.ActiveCfg = Debug|Win32
		{949C0D34-7F48-404C-985B-3795E00D7EE7}.Debug|x86.Build.0 = Debug|Win32
		{949C0D34-7F48-404C-985B-3795E00D7EE7}.Release|x86.ActiveCfg = Release|Win32
		{949C0D34-7F48-404C-985B-3795E00D7EE7}.Release|x86.Build.0 = Release|Win32
		{AE6E05E4-DC5F-4A08-9D77-93D4490DFFFF}.Debug|x86.ActiveCfg = Debug|Win32
		{AE6E05E4-DC5F-4A08-9D77-93D4490DFFFF}.Debug|x86.Build.0 = Debug|Win32
		{AE6E05E4-DC5F-4A08-9D77-93D4490DFFFF}.Release|x86.ActiveCfg = Release|Win32
		{AE6E05E4-DC5F-4A08-9D77-93D4490DFFFF}.Release|x86.Build.0 = Release|Win32
		{E745E25C-0143-42AC-A486-1395A4C972AE}.Debug|x86.ActiveCfg = Debug|Win32
		{E745E25C-0143-42AC-A486-1395A4C972AE}.Debug|x86.Build.0 = Debug|Win32
		{E745E25C-0143-42AC-A486-1395A4C972AE}.Debug|x86.Deploy.0 = Debug|Win32
		{E745E25C-0143-42AC-A486-1395A4C972AE}.Release|x86.ActiveCfg = Release|Win32
		{E745E25C-0143-42AC-A486-1395A4C972AE}.Release|x86.Build.0 = Release|Win32
		{E745E25C-0143-42AC-A486-1395A4C972AE}.Release|x86.Deploy.0 = Release|Win32
		{34D8E51C-8BFB-4316-8048-234C3FD966D1}.Debug|x86.ActiveCfg = Debug|Win32
		{34D8E51C-8BFB-4316-8048-234C3FD966D1}.Debug|x86.Build.0 = Debug|Win32
		{34D8E51C-8BFB-4316-8048-234C3FD966D1}.Release|x86.ActiveCfg = Release|Win32
		{34D8E51C-8BFB-4316-8048-234C3FD966D1}.Release|x86.Build.0 = Release|Win32
		{7EDBEED8-75ED-48EE-9F13-5D4A895E8F1B}.Debug|x86.ActiveCfg = Debug|Win32
		{7EDBEED8-75ED-48EE-9F13-5D4A895E8F1B}.Debug|x86.Build.0 = Debug|Win32
		{7EDBEED8-75ED-48EE-9F13-5D4A895E8F1B}.Release|x86.ActiveCfg = Release|Win32
		{7EDBEED8-75ED-48EE-9F13-5D4A895E8F1B}.Release|x86.Build.0 = Release|Win32
		{BE52867A-92EA-479A-9F73-1E96168F9A7B}.Debug|x86.ActiveCfg = Debug|Win32
		{BE52867A-92EA-479A-9F73-1E96168F9A7B}.Debug|x86.Build.0 = Debug|Win32
		{BE52867A-92EA-479A-9F73-1E96168F9A7B}.Release|x86.ActiveCfg = Release|Win32
		{BE52867A-92EA-479A-9F73-1E96168F9A7B}.Release|x86.Build.0 = Release|Win32
		{BB29A203-127B-46E9-A5B3-925715D5AA34}.Debug|x86.ActiveCfg = Debug|Win32
		{BB29A203-127B-46E9-A5B3-925715D5AA34}.Debug|x86.Build.0 = Debug|Win32
		{BB29A203-127B-46E9-A5B3-925715D5AA34}.Release|x86.ActiveCfg = Release|Win32
		{BB29A203-127B-46E9-A5B3-925715D5AA34}.Release|x86.Build.0 = Release|Win32
		{63E8C63D-1CCD-43F2-9E0F-1510677DE856}.Debug|x86.ActiveCfg = Debug|Win32
		{63E8C63D-1CCD-43F2-9E0F-1510677DE856}.Debug|x86.Build.0 = Debug|Win32
		{63E8C63D-1CCD-43F2-9E0F-1510677DE856}.Release|x86.ActiveCfg = Release|Win32
		{63E8C63D-1CCD-43F2-9E0F-1510677DE856}.Release|x86.Build.0 = Release|Win32
		{08A11DA8-4582-4AE0-90FE-929F44487E65}.Debug|x86.ActiveCfg = Debug|Win32
		{08A11DA8-4582-4AE0-90FE-929F44487E65}.Debug|x86.Build.0 = Debug|Win32
		{08A11DA8-4582-4AE0-90FE-929F44487E65}.Release|x86.ActiveCfg = Release|Win32
		{08A11DA8-4582-4AE0-90FE-929F44487E65}.Release|x86.Build.0 = Release|Win32
		{413BF597-600A-43A8-8A82-CB60E2DCDD95}.Debug|x86.ActiveCfg = Debug|Win32
		{413BF597-600A-43A8-8A82-CB60E2DCDD95}.Debug|x86.Build.0 = Debug|Win32
		{413BF597-600A-43A8-8A82-CB60E2DCDD95}.Release|x86.ActiveCfg = Release|Win32
		{413BF597-600A-43A8-8A82-CB60E2DCDD95}.Release|x86.Build.0 = Release|Win32
		{44D2C07B-798D-461B-9019-DFB240593888}.Debug|x86.ActiveCfg = Debug|Win32
		{44D2C07B-798D-461B-9019-DFB240593888}.Debug|x86.Build.0 = Debug|Win32
		{44D2C07B-798D-461B-9019-DFB240593888}.Release|x86.ActiveCfg = Release|Win32
		{44D2C07B-798D-461B-9019-DFB240593888}.Release|x86.Build.0 = Release|Win32
		{5C837DDC-3E93-482F-A9D2-087470F75BA5}.Debug|x86.ActiveCfg = Debug|Win32
		{5C837DDC-3E93-482F-A9D2-087470F75BA5}.Debug|x86.Build.0 = Debug|Win32
		{5C837DDC-3E93-482F-A9D2-087470F75BA5}.Release|x86.ActiveCfg = Release|Win32
		{5C837DDC-3E93-482F-A9D2-087470F75BA5}.Release|x86.Build.0 = Release|Win32
	EndGlobalSection
	GlobalSection(SolutionProperties) = preSolution
		HideSolutionNode = FALSE
	EndGlobalSection
	GlobalSection(NestedProjects) = preSolution
		{837A57D3-2A9F-4985-B2EA-E18558EEAA43} = {75A6D539-8458-45DF-BE47-1376FB54C16E}
		{49647803-64C5-4742-BCB2-C8DC671B25EF} = {75A6D539-8458-45DF-BE47-1376FB54C16E}
		{0CAD91E6-F886-4615-870F-EE1B186614DC} = {75A6D539-8458-45DF-BE47-1376FB54C16E}
		{654799F4-5396-4466-84E9-2BFD26B5BE8A} = {75A6D539-8458-45DF-BE47-1376FB54C16E}
		{949C0D34-7F48-404C-985B-3795E00D7EE7} = {75A6D539-8458-45DF-BE47-1376FB54C16E}
		{AE6E05E4-DC5F-4A08-9D77-93D4490DFFFF} = {75A6D539-8458-45DF-BE47-1376FB54C16E}
		{E745E25C-0143-42AC-A486-1395A4C972AE} = {A8C5934B-38F4-49D4-A0E2-9A8F3F2945D3}
		{34D8E51C-8BFB-4316-8048-234C3FD966D1} = {A586CAA1-C864-488E-8301-D374FFD607C9}
		{7EDBEED8-75ED-48EE-9F13-5D4A895E8F1B} = {EE0E027C-366F-4685-94D5-0EA5F6870B1B}
		{BE52867A-92EA-479A-9F73-1E96168F9A7B} = {A586CAA1-C864-488E-8301-D374FFD607C9}
		{BB29A203-127B-46E9-A5B3-925715D5AA34} = {A586CAA1-C864-488E-8301-D374FFD607C9}
		{63E8C63D-1CCD-43F2-9E0F-1510677DE856} = {D5DAFB74-E258-400F-9C89-B30FBD88CFA9}
		{08A11DA8-4582-4AE0-90FE-929F44487E65} = {EE0E027C-366F-4685-94D5-0EA5F6870B1B}
		{413BF597-600A-43A8-8A82-CB60E2DCDD95} = {EE0E027C-366F-4685-94D5-0EA5F6870B1B}
		{44D2C07B-798D-461B-9019-DFB240593888} = {EE0E027C-366F-4685-94D5-0EA5F6870B1B}
		{D5DAFB74-E258-400F-9C89-B30FBD88CFA9} = {EE0E027C-366F-4685-94D5-0EA5F6870B1B}
		{5C837DDC-3E93-482F-A9D2-087470F75BA5} = {EE0E027C-366F-4685-94D5-0EA5F6870B1B}
	EndGlobalSection
	GlobalSection(ExtensibilityGlobals) = postSolution
		SolutionGuid = {A36545A6-DAAA-4856-BDB7-57C29F88BC6B}
	EndGlobalSection
EndGlobal
